// !$*UTF8*$!
{
	archiveVersion = 1;
	classes = {
	};
	objectVersion = 50;
	objects = {

/* Begin PBXBuildFile section */
		AC96A0D67A1EA49D12BC24E2 /* Comparison.swift in Sources */ = {isa = PBXBuildFile; fileRef = AC96AD083BDE1640EEB10798 /* Comparison.swift */; };
		AC96A14180E1A098D70B5A49 /* ImmediateScheduler.swift in Sources */ = {isa = PBXBuildFile; fileRef = AC96AE2AF4EBDBB848CCB615 /* ImmediateScheduler.swift */; };
		AC96A1BACDE6D9CCF0593AE6 /* CollectByTime.swift in Sources */ = {isa = PBXBuildFile; fileRef = AC96A7A0535961DC9A376D05 /* CollectByTime.swift */; };
		AC96A1EBE1FBF7DD56D02870 /* IgnoreOutput.swift in Sources */ = {isa = PBXBuildFile; fileRef = AC96A98A1FD46D5185BAC9F3 /* IgnoreOutput.swift */; };
		AC96A1FDD3DEAF36B0BEBBED /* Locking.swift in Sources */ = {isa = PBXBuildFile; fileRef = AC96ADCC443259539536B8D8 /* Locking.swift */; };
		AC96A2623723A3D40FA2AB82 /* Fail.swift in Sources */ = {isa = PBXBuildFile; fileRef = AC96A1D99440F9CEB6806E49 /* Fail.swift */; };
		AC96A27F4A5E04D5E58A0668 /* TryRemoveDuplicates.swift in Sources */ = {isa = PBXBuildFile; fileRef = AC96A25C45A960EAB01A8996 /* TryRemoveDuplicates.swift */; };
		AC96A2C9B3B70BBEB95618B2 /* UpstreamPipe.swift in Sources */ = {isa = PBXBuildFile; fileRef = AC96AA745A5AFC5916AB7DA1 /* UpstreamPipe.swift */; };
		AC96A3A8A2EED76981143F23 /* MeasureInterval.swift in Sources */ = {isa = PBXBuildFile; fileRef = AC96A4F55B76E120E2E6738E /* MeasureInterval.swift */; };
		AC96A3D7557F5CF59802B040 /* CompactMap.swift in Sources */ = {isa = PBXBuildFile; fileRef = AC96AD3D7C6794DE621A71D9 /* CompactMap.swift */; };
		AC96A4369F6B1FEC4546E778 /* Filter.swift in Sources */ = {isa = PBXBuildFile; fileRef = AC96A8D7AA35C60A7905CFAF /* Filter.swift */; };
		AC96A461A8F040CD4206EDE8 /* Assign.swift in Sources */ = {isa = PBXBuildFile; fileRef = AC96ABFED93BCEC431CA0A26 /* Assign.swift */; };
		AC96A5BA2E62C23BAA2E21D1 /* TryReduce.swift in Sources */ = {isa = PBXBuildFile; fileRef = AC96AA80EA6E76EF5E873C4B /* TryReduce.swift */; };
		AC96A6D74390B2BEABF8FCBC /* Optional.swift in Sources */ = {isa = PBXBuildFile; fileRef = AC96ADD4FD236849CD57C035 /* Optional.swift */; };
		AC96A7C1183503962D1D6AB1 /* MapTests.swift in Sources */ = {isa = PBXBuildFile; fileRef = AC96AB7E54BF1B2640684CD7 /* MapTests.swift */; };
		AC96A7F0528F0C7A46CA5E34 /* Count.swift in Sources */ = {isa = PBXBuildFile; fileRef = AC96A15A6403BC6D8DC47C9E /* Count.swift */; };
		AC96A8532B6A9FD8936D4E57 /* TryContainsWhere.swift in Sources */ = {isa = PBXBuildFile; fileRef = AC96AAF4096921C2B002B45E /* TryContainsWhere.swift */; };
		AC96A8F705D5B01BD32F1594 /* Lock.swift in Sources */ = {isa = PBXBuildFile; fileRef = AC96A20EA86D34F2FA09D9BA /* Lock.swift */; };
		AC96A8FA38FD323536C85BBE /* SchedulerTimeIntervalConvertible.swift in Sources */ = {isa = PBXBuildFile; fileRef = AC96A4872441C4F5D9E8564B /* SchedulerTimeIntervalConvertible.swift */; };
		AC96A95B1D4AC697419E2543 /* AnySubscription.swift in Sources */ = {isa = PBXBuildFile; fileRef = AC96AF629FA6C4C6D3ABBBD3 /* AnySubscription.swift */; };
		AC96A96E509EE7515DBE6855 /* Print.swift in Sources */ = {isa = PBXBuildFile; fileRef = AC96A58E0FB39D9C1C596F2F /* Print.swift */; };
		AC96A98283FDED96CACFBE04 /* TryScan.swift in Sources */ = {isa = PBXBuildFile; fileRef = AC96A620FA080826E58A410A /* TryScan.swift */; };
		AC96A9A77F8721380FB04BCF /* DropUntilOutput.swift in Sources */ = {isa = PBXBuildFile; fileRef = AC96AC7DCC21A7014D9FD9C9 /* DropUntilOutput.swift */; };
		AC96A9B0FA116E8CBF9BDD37 /* SetFailureType.swift in Sources */ = {isa = PBXBuildFile; fileRef = AC96AEC54F2AB29B209AC3E3 /* SetFailureType.swift */; };
		AC96A9FE93AD08CB777F3310 /* Bag.swift in Sources */ = {isa = PBXBuildFile; fileRef = AC96A008D73394B664EAE44E /* Bag.swift */; };
		AC96AA36546163BF1AAF000A /* TryAllSatisfy.swift in Sources */ = {isa = PBXBuildFile; fileRef = AC96AA780E35A3B0AD72CECD /* TryAllSatisfy.swift */; };
		AC96AB066DFF849D2F22FB41 /* RunLoopScheduler.swift in Sources */ = {isa = PBXBuildFile; fileRef = AC96A24DC63C3CB493002CB3 /* RunLoopScheduler.swift */; };
		AC96AB98D54CC04958AE1A2C /* MutexLock.swift in Sources */ = {isa = PBXBuildFile; fileRef = AC96A04E833BFA9A8461ADFD /* MutexLock.swift */; };
		AC96AC33FB7E147768E77125 /* Reduce.swift in Sources */ = {isa = PBXBuildFile; fileRef = AC96A924BD258EE1ACD21C1A /* Reduce.swift */; };
		AC96AC654874BA6445F4E127 /* DispatchScheduler.swift in Sources */ = {isa = PBXBuildFile; fileRef = AC96A9E5A959FDB07254BB7A /* DispatchScheduler.swift */; };
		AC96AD15B489864E1BF0DAE0 /* Share.swift in Sources */ = {isa = PBXBuildFile; fileRef = AC96A0F6FD00829D0CA98864 /* Share.swift */; };
		AC96AD40FB6D7F6A2527E935 /* TryCompactMap.swift in Sources */ = {isa = PBXBuildFile; fileRef = AC96AB3BEB6B54D76B7126BF /* TryCompactMap.swift */; };
		AC96ADB3D79338D43CAADD2E /* TryFilter.swift in Sources */ = {isa = PBXBuildFile; fileRef = AC96A27B4B37C85EC62CB5F9 /* TryFilter.swift */; };
		AC96ADD2F457E2033585F93D /* ReplaceEmpty.swift in Sources */ = {isa = PBXBuildFile; fileRef = AC96AFE8282BB17223703859 /* ReplaceEmpty.swift */; };
		AC96ADF128A9D125A379F7EF /* ReplaceError.swift in Sources */ = {isa = PBXBuildFile; fileRef = AC96AFC7CDF5610BB06264AB /* ReplaceError.swift */; };
		AC96ADF29D954D8DB002ABF2 /* UnfairLock.swift in Sources */ = {isa = PBXBuildFile; fileRef = AC96A2D8D62250244C0989DA /* UnfairLock.swift */; };
		AC96AE0AF7643F0F18C4063D /* ContainsWhere.swift in Sources */ = {isa = PBXBuildFile; fileRef = AC96A1B84DDC04F72CC92943 /* ContainsWhere.swift */; };
		AC96AE26C192DF26952DB105 /* RemoveDuplicates.swift in Sources */ = {isa = PBXBuildFile; fileRef = AC96AFB525B116034F0D3266 /* RemoveDuplicates.swift */; };
		AC96AE72A8CBD93E6A50F525 /* Contains.swift in Sources */ = {isa = PBXBuildFile; fileRef = AC96ADDBF24E923CCA767909 /* Contains.swift */; };
		AC96AF0B1A7BB91D91E4520E /* TryComparison.swift in Sources */ = {isa = PBXBuildFile; fileRef = AC96AE042BE4DF37808206CA /* TryComparison.swift */; };
		AC96AF8426EA0F21F93F4416 /* Once.swift in Sources */ = {isa = PBXBuildFile; fileRef = AC96A7D9BF1A346A95C28F33 /* Once.swift */; };
		BC2EB4D822A94E48009A0E54 /* MapError.swift in Sources */ = {isa = PBXBuildFile; fileRef = BC2EB4D722A94E48009A0E54 /* MapError.swift */; };
		BC2EB4DB22A9539B009A0E54 /* Subscriptions.swift in Sources */ = {isa = PBXBuildFile; fileRef = BC2EB4DA22A9539B009A0E54 /* Subscriptions.swift */; };
		BC2EB4DD22AD48A1009A0E54 /* Scan.swift in Sources */ = {isa = PBXBuildFile; fileRef = BC2EB4DC22AD48A1009A0E54 /* Scan.swift */; };
		BC5F2EB022B23F8A003D2962 /* Deferred.swift in Sources */ = {isa = PBXBuildFile; fileRef = BC5F2EAF22B23F8A003D2962 /* Deferred.swift */; };
		BC5F2EB222B2408B003D2962 /* Future.swift in Sources */ = {isa = PBXBuildFile; fileRef = BC5F2EB122B2408B003D2962 /* Future.swift */; };
		BCB7D21A22B1EA8A00A7CC91 /* CCombine.framework in Frameworks */ = {isa = PBXBuildFile; fileRef = BCB7D21922B1EA8A00A7CC91 /* CCombine.framework */; };
		BCD4D72B22A7590A00DE874F /* Combine.framework in Frameworks */ = {isa = PBXBuildFile; fileRef = BCD4D72122A7590A00DE874F /* Combine.framework */; };
		BCD4D73022A7590A00DE874F /* CombineTests.swift in Sources */ = {isa = PBXBuildFile; fileRef = BCD4D72F22A7590A00DE874F /* CombineTests.swift */; };
		BCD4D73222A7590A00DE874F /* Combine.h in Headers */ = {isa = PBXBuildFile; fileRef = BCD4D72422A7590A00DE874F /* Combine.h */; settings = {ATTRIBUTES = (Public, ); }; };
		BCD4D73C22A7591C00DE874F /* Publisher.swift in Sources */ = {isa = PBXBuildFile; fileRef = BCD4D73B22A7591C00DE874F /* Publisher.swift */; };
		BCD4D73E22A7592500DE874F /* Subscriber.swift in Sources */ = {isa = PBXBuildFile; fileRef = BCD4D73D22A7592500DE874F /* Subscriber.swift */; };
		BCD4D74022A759B300DE874F /* AnyPublisher.swift in Sources */ = {isa = PBXBuildFile; fileRef = BCD4D73F22A759B300DE874F /* AnyPublisher.swift */; };
		BCD4D74222A75A1300DE874F /* AnyCancellable.swift in Sources */ = {isa = PBXBuildFile; fileRef = BCD4D74122A75A1300DE874F /* AnyCancellable.swift */; };
		BCD4D74422A75A4E00DE874F /* Subscribers.swift in Sources */ = {isa = PBXBuildFile; fileRef = BCD4D74322A75A4E00DE874F /* Subscribers.swift */; };
		BCD4D74622A75A7000DE874F /* AnySubscriber.swift in Sources */ = {isa = PBXBuildFile; fileRef = BCD4D74522A75A7000DE874F /* AnySubscriber.swift */; };
		BCD4D74822A75B4600DE874F /* Subject.swift in Sources */ = {isa = PBXBuildFile; fileRef = BCD4D74722A75B4600DE874F /* Subject.swift */; };
		BCD4D74A22A75C0500DE874F /* Publishers.swift in Sources */ = {isa = PBXBuildFile; fileRef = BCD4D74922A75C0500DE874F /* Publishers.swift */; };
		BCD4D74D22A75D2900DE874F /* Empty.swift in Sources */ = {isa = PBXBuildFile; fileRef = BCD4D74C22A75D2900DE874F /* Empty.swift */; };
		BCD4D74F22A75E1B00DE874F /* Sequence.swift in Sources */ = {isa = PBXBuildFile; fileRef = BCD4D74E22A75E1B00DE874F /* Sequence.swift */; };
		BCD4D75122A75EF200DE874F /* Concatenate.swift in Sources */ = {isa = PBXBuildFile; fileRef = BCD4D75022A75EF200DE874F /* Concatenate.swift */; };
		BCD4D75322A7608A00DE874F /* Map.swift in Sources */ = {isa = PBXBuildFile; fileRef = BCD4D75222A7608A00DE874F /* Map.swift */; };
		BCD4D75522A761FB00DE874F /* Cancellable.swift in Sources */ = {isa = PBXBuildFile; fileRef = BCD4D75422A761FB00DE874F /* Cancellable.swift */; };
		BCD4D75A22A7662300DE874F /* Demand.swift in Sources */ = {isa = PBXBuildFile; fileRef = BCD4D75922A7662300DE874F /* Demand.swift */; };
		BCD4D75C22A76FF300DE874F /* Subscription.swift in Sources */ = {isa = PBXBuildFile; fileRef = BCD4D75B22A76FF300DE874F /* Subscription.swift */; };
		BCD4D75E22A7707700DE874F /* CustomCombineIdentifierConvertible.swift in Sources */ = {isa = PBXBuildFile; fileRef = BCD4D75D22A7707700DE874F /* CustomCombineIdentifierConvertible.swift */; };
		BCD4D76022A7708E00DE874F /* CombineIdentifier.swift in Sources */ = {isa = PBXBuildFile; fileRef = BCD4D75F22A7708E00DE874F /* CombineIdentifier.swift */; };
		BCD4D76222A7726A00DE874F /* Completion.swift in Sources */ = {isa = PBXBuildFile; fileRef = BCD4D76122A7726A00DE874F /* Completion.swift */; };
		BCD4D76422A772F900DE874F /* Sink.swift in Sources */ = {isa = PBXBuildFile; fileRef = BCD4D76322A772F900DE874F /* Sink.swift */; };
		BCD4D76722A793C700DE874F /* Just.swift in Sources */ = {isa = PBXBuildFile; fileRef = BCD4D76622A793C700DE874F /* Just.swift */; };
		BCD4D76D22A7A35E00DE874F /* Pipe.swift in Sources */ = {isa = PBXBuildFile; fileRef = BCD4D76C22A7A35E00DE874F /* Pipe.swift */; };
		BCEAFBBA22A8F7B900ABF36B /* FlatMap.swift in Sources */ = {isa = PBXBuildFile; fileRef = BCEAFBB622A8F7B900ABF36B /* FlatMap.swift */; };
		BCEAFBBB22A8F7B900ABF36B /* TryMap.swift in Sources */ = {isa = PBXBuildFile; fileRef = BCEAFBB722A8F7B900ABF36B /* TryMap.swift */; };
		BCEAFBBC22A8F7B900ABF36B /* ReceiveOn.swift in Sources */ = {isa = PBXBuildFile; fileRef = BCEAFBB822A8F7B900ABF36B /* ReceiveOn.swift */; };
		BCEAFBBD22A8F7B900ABF36B /* SubscribeOn.swift in Sources */ = {isa = PBXBuildFile; fileRef = BCEAFBB922A8F7B900ABF36B /* SubscribeOn.swift */; };
		BCEAFBBF22A8F7EA00ABF36B /* Scheduler.swift in Sources */ = {isa = PBXBuildFile; fileRef = BCEAFBBE22A8F7EA00ABF36B /* Scheduler.swift */; };
		BCED60CA22A8B25500CE5277 /* PassthroughSubject.swift in Sources */ = {isa = PBXBuildFile; fileRef = BCED60C922A8B25500CE5277 /* PassthroughSubject.swift */; };
		BCED60CC22A8B4AF00CE5277 /* CurrentValueSubject.swift in Sources */ = {isa = PBXBuildFile; fileRef = BCED60CB22A8B4AF00CE5277 /* CurrentValueSubject.swift */; };
		BCED60CE22A8B6B300CE5277 /* AnySubject.swift in Sources */ = {isa = PBXBuildFile; fileRef = BCED60CD22A8B6B300CE5277 /* AnySubject.swift */; };
		BCED60D022A8B80000CE5277 /* ConnectablePublisher.swift in Sources */ = {isa = PBXBuildFile; fileRef = BCED60CF22A8B80000CE5277 /* ConnectablePublisher.swift */; };
		BCED60D222A8B83900CE5277 /* Autoconnect.swift in Sources */ = {isa = PBXBuildFile; fileRef = BCED60D122A8B83900CE5277 /* Autoconnect.swift */; };
		BCED60D422A8BD5C00CE5277 /* AllSatisfy.swift in Sources */ = {isa = PBXBuildFile; fileRef = BCED60D322A8BD5C00CE5277 /* AllSatisfy.swift */; };
		BCED60D622A8C07800CE5277 /* Collect.swift in Sources */ = {isa = PBXBuildFile; fileRef = BCED60D522A8C07800CE5277 /* Collect.swift */; };
		BCED60D822A8C1EE00CE5277 /* CollectByCount.swift in Sources */ = {isa = PBXBuildFile; fileRef = BCED60D722A8C1EE00CE5277 /* CollectByCount.swift */; };
/* End PBXBuildFile section */

/* Begin PBXContainerItemProxy section */
		BCD4D72C22A7590A00DE874F /* PBXContainerItemProxy */ = {
			isa = PBXContainerItemProxy;
			containerPortal = BCD4D71822A7590A00DE874F /* Project object */;
			proxyType = 1;
			remoteGlobalIDString = BCD4D72022A7590A00DE874F;
			remoteInfo = Combine;
		};
/* End PBXContainerItemProxy section */

/* Begin PBXFileReference section */
		AC96A008D73394B664EAE44E /* Bag.swift */ = {isa = PBXFileReference; fileEncoding = 4; lastKnownFileType = sourcecode.swift; path = Bag.swift; sourceTree = "<group>"; };
		AC96A04E833BFA9A8461ADFD /* MutexLock.swift */ = {isa = PBXFileReference; fileEncoding = 4; lastKnownFileType = sourcecode.swift; path = MutexLock.swift; sourceTree = "<group>"; };
		AC96A0F6FD00829D0CA98864 /* Share.swift */ = {isa = PBXFileReference; fileEncoding = 4; lastKnownFileType = sourcecode.swift; path = Share.swift; sourceTree = "<group>"; };
		AC96A15A6403BC6D8DC47C9E /* Count.swift */ = {isa = PBXFileReference; fileEncoding = 4; lastKnownFileType = sourcecode.swift; path = Count.swift; sourceTree = "<group>"; };
		AC96A1B84DDC04F72CC92943 /* ContainsWhere.swift */ = {isa = PBXFileReference; fileEncoding = 4; lastKnownFileType = sourcecode.swift; path = ContainsWhere.swift; sourceTree = "<group>"; };
		AC96A1D99440F9CEB6806E49 /* Fail.swift */ = {isa = PBXFileReference; fileEncoding = 4; lastKnownFileType = sourcecode.swift; path = Fail.swift; sourceTree = "<group>"; };
		AC96A20EA86D34F2FA09D9BA /* Lock.swift */ = {isa = PBXFileReference; fileEncoding = 4; lastKnownFileType = sourcecode.swift; path = Lock.swift; sourceTree = "<group>"; };
		AC96A24DC63C3CB493002CB3 /* RunLoopScheduler.swift */ = {isa = PBXFileReference; fileEncoding = 4; lastKnownFileType = sourcecode.swift; path = RunLoopScheduler.swift; sourceTree = "<group>"; };
		AC96A25C45A960EAB01A8996 /* TryRemoveDuplicates.swift */ = {isa = PBXFileReference; fileEncoding = 4; lastKnownFileType = sourcecode.swift; path = TryRemoveDuplicates.swift; sourceTree = "<group>"; };
		AC96A27B4B37C85EC62CB5F9 /* TryFilter.swift */ = {isa = PBXFileReference; fileEncoding = 4; lastKnownFileType = sourcecode.swift; path = TryFilter.swift; sourceTree = "<group>"; };
		AC96A2D8D62250244C0989DA /* UnfairLock.swift */ = {isa = PBXFileReference; fileEncoding = 4; lastKnownFileType = sourcecode.swift; path = UnfairLock.swift; sourceTree = "<group>"; };
		AC96A4872441C4F5D9E8564B /* SchedulerTimeIntervalConvertible.swift */ = {isa = PBXFileReference; fileEncoding = 4; lastKnownFileType = sourcecode.swift; path = SchedulerTimeIntervalConvertible.swift; sourceTree = "<group>"; };
		AC96A4F55B76E120E2E6738E /* MeasureInterval.swift */ = {isa = PBXFileReference; fileEncoding = 4; lastKnownFileType = sourcecode.swift; path = MeasureInterval.swift; sourceTree = "<group>"; };
		AC96A58E0FB39D9C1C596F2F /* Print.swift */ = {isa = PBXFileReference; fileEncoding = 4; lastKnownFileType = sourcecode.swift; path = Print.swift; sourceTree = "<group>"; };
		AC96A620FA080826E58A410A /* TryScan.swift */ = {isa = PBXFileReference; fileEncoding = 4; lastKnownFileType = sourcecode.swift; path = TryScan.swift; sourceTree = "<group>"; };
		AC96A7A0535961DC9A376D05 /* CollectByTime.swift */ = {isa = PBXFileReference; fileEncoding = 4; lastKnownFileType = sourcecode.swift; path = CollectByTime.swift; sourceTree = "<group>"; };
		AC96A7D9BF1A346A95C28F33 /* Once.swift */ = {isa = PBXFileReference; fileEncoding = 4; lastKnownFileType = sourcecode.swift; path = Once.swift; sourceTree = "<group>"; };
		AC96A8D7AA35C60A7905CFAF /* Filter.swift */ = {isa = PBXFileReference; fileEncoding = 4; lastKnownFileType = sourcecode.swift; path = Filter.swift; sourceTree = "<group>"; };
		AC96A924BD258EE1ACD21C1A /* Reduce.swift */ = {isa = PBXFileReference; fileEncoding = 4; lastKnownFileType = sourcecode.swift; path = Reduce.swift; sourceTree = "<group>"; };
		AC96A98A1FD46D5185BAC9F3 /* IgnoreOutput.swift */ = {isa = PBXFileReference; fileEncoding = 4; lastKnownFileType = sourcecode.swift; path = IgnoreOutput.swift; sourceTree = "<group>"; };
		AC96A9E5A959FDB07254BB7A /* DispatchScheduler.swift */ = {isa = PBXFileReference; fileEncoding = 4; lastKnownFileType = sourcecode.swift; path = DispatchScheduler.swift; sourceTree = "<group>"; };
		AC96AA745A5AFC5916AB7DA1 /* UpstreamPipe.swift */ = {isa = PBXFileReference; fileEncoding = 4; lastKnownFileType = sourcecode.swift; path = UpstreamPipe.swift; sourceTree = "<group>"; };
		AC96AA780E35A3B0AD72CECD /* TryAllSatisfy.swift */ = {isa = PBXFileReference; fileEncoding = 4; lastKnownFileType = sourcecode.swift; path = TryAllSatisfy.swift; sourceTree = "<group>"; };
		AC96AA80EA6E76EF5E873C4B /* TryReduce.swift */ = {isa = PBXFileReference; fileEncoding = 4; lastKnownFileType = sourcecode.swift; path = TryReduce.swift; sourceTree = "<group>"; };
		AC96AAF4096921C2B002B45E /* TryContainsWhere.swift */ = {isa = PBXFileReference; fileEncoding = 4; lastKnownFileType = sourcecode.swift; path = TryContainsWhere.swift; sourceTree = "<group>"; };
		AC96AB3BEB6B54D76B7126BF /* TryCompactMap.swift */ = {isa = PBXFileReference; fileEncoding = 4; lastKnownFileType = sourcecode.swift; path = TryCompactMap.swift; sourceTree = "<group>"; };
		AC96AB7E54BF1B2640684CD7 /* MapTests.swift */ = {isa = PBXFileReference; fileEncoding = 4; lastKnownFileType = sourcecode.swift; path = MapTests.swift; sourceTree = "<group>"; };
		AC96ABFED93BCEC431CA0A26 /* Assign.swift */ = {isa = PBXFileReference; fileEncoding = 4; lastKnownFileType = sourcecode.swift; path = Assign.swift; sourceTree = "<group>"; };
		AC96AC7DCC21A7014D9FD9C9 /* DropUntilOutput.swift */ = {isa = PBXFileReference; fileEncoding = 4; lastKnownFileType = sourcecode.swift; path = DropUntilOutput.swift; sourceTree = "<group>"; };
		AC96AD083BDE1640EEB10798 /* Comparison.swift */ = {isa = PBXFileReference; fileEncoding = 4; lastKnownFileType = sourcecode.swift; path = Comparison.swift; sourceTree = "<group>"; };
		AC96AD3D7C6794DE621A71D9 /* CompactMap.swift */ = {isa = PBXFileReference; fileEncoding = 4; lastKnownFileType = sourcecode.swift; path = CompactMap.swift; sourceTree = "<group>"; };
		AC96ADCC443259539536B8D8 /* Locking.swift */ = {isa = PBXFileReference; fileEncoding = 4; lastKnownFileType = sourcecode.swift; path = Locking.swift; sourceTree = "<group>"; };
		AC96ADD4FD236849CD57C035 /* Optional.swift */ = {isa = PBXFileReference; fileEncoding = 4; lastKnownFileType = sourcecode.swift; path = Optional.swift; sourceTree = "<group>"; };
		AC96ADDBF24E923CCA767909 /* Contains.swift */ = {isa = PBXFileReference; fileEncoding = 4; lastKnownFileType = sourcecode.swift; path = Contains.swift; sourceTree = "<group>"; };
		AC96AE042BE4DF37808206CA /* TryComparison.swift */ = {isa = PBXFileReference; fileEncoding = 4; lastKnownFileType = sourcecode.swift; path = TryComparison.swift; sourceTree = "<group>"; };
		AC96AE2AF4EBDBB848CCB615 /* ImmediateScheduler.swift */ = {isa = PBXFileReference; fileEncoding = 4; lastKnownFileType = sourcecode.swift; path = ImmediateScheduler.swift; sourceTree = "<group>"; };
		AC96AEC54F2AB29B209AC3E3 /* SetFailureType.swift */ = {isa = PBXFileReference; fileEncoding = 4; lastKnownFileType = sourcecode.swift; path = SetFailureType.swift; sourceTree = "<group>"; };
		AC96AF629FA6C4C6D3ABBBD3 /* AnySubscription.swift */ = {isa = PBXFileReference; fileEncoding = 4; lastKnownFileType = sourcecode.swift; path = AnySubscription.swift; sourceTree = "<group>"; };
		AC96AFB525B116034F0D3266 /* RemoveDuplicates.swift */ = {isa = PBXFileReference; fileEncoding = 4; lastKnownFileType = sourcecode.swift; path = RemoveDuplicates.swift; sourceTree = "<group>"; };
		AC96AFC7CDF5610BB06264AB /* ReplaceError.swift */ = {isa = PBXFileReference; fileEncoding = 4; lastKnownFileType = sourcecode.swift; path = ReplaceError.swift; sourceTree = "<group>"; };
		AC96AFE8282BB17223703859 /* ReplaceEmpty.swift */ = {isa = PBXFileReference; fileEncoding = 4; lastKnownFileType = sourcecode.swift; path = ReplaceEmpty.swift; sourceTree = "<group>"; };
		BC2EB4D722A94E48009A0E54 /* MapError.swift */ = {isa = PBXFileReference; lastKnownFileType = sourcecode.swift; path = MapError.swift; sourceTree = "<group>"; };
		BC2EB4DA22A9539B009A0E54 /* Subscriptions.swift */ = {isa = PBXFileReference; lastKnownFileType = sourcecode.swift; path = Subscriptions.swift; sourceTree = "<group>"; };
		BC2EB4DC22AD48A1009A0E54 /* Scan.swift */ = {isa = PBXFileReference; lastKnownFileType = sourcecode.swift; path = Scan.swift; sourceTree = "<group>"; };
		BC5F2EAF22B23F8A003D2962 /* Deferred.swift */ = {isa = PBXFileReference; lastKnownFileType = sourcecode.swift; path = Deferred.swift; sourceTree = "<group>"; };
		BC5F2EB122B2408B003D2962 /* Future.swift */ = {isa = PBXFileReference; lastKnownFileType = sourcecode.swift; path = Future.swift; sourceTree = "<group>"; };
		BCB7D21922B1EA8A00A7CC91 /* CCombine.framework */ = {isa = PBXFileReference; explicitFileType = wrapper.framework; path = CCombine.framework; sourceTree = BUILT_PRODUCTS_DIR; };
		BCD4D72122A7590A00DE874F /* Combine.framework */ = {isa = PBXFileReference; explicitFileType = wrapper.framework; includeInIndex = 0; path = Combine.framework; sourceTree = BUILT_PRODUCTS_DIR; };
		BCD4D72422A7590A00DE874F /* Combine.h */ = {isa = PBXFileReference; lastKnownFileType = sourcecode.c.h; path = Combine.h; sourceTree = "<group>"; };
		BCD4D72522A7590A00DE874F /* Info.plist */ = {isa = PBXFileReference; lastKnownFileType = text.plist.xml; path = Info.plist; sourceTree = "<group>"; };
		BCD4D72A22A7590A00DE874F /* CombineTests.xctest */ = {isa = PBXFileReference; explicitFileType = wrapper.cfbundle; includeInIndex = 0; path = CombineTests.xctest; sourceTree = BUILT_PRODUCTS_DIR; };
		BCD4D72F22A7590A00DE874F /* CombineTests.swift */ = {isa = PBXFileReference; lastKnownFileType = sourcecode.swift; path = CombineTests.swift; sourceTree = "<group>"; };
		BCD4D73122A7590A00DE874F /* Info.plist */ = {isa = PBXFileReference; lastKnownFileType = text.plist.xml; path = Info.plist; sourceTree = "<group>"; };
		BCD4D73B22A7591C00DE874F /* Publisher.swift */ = {isa = PBXFileReference; lastKnownFileType = sourcecode.swift; path = Publisher.swift; sourceTree = "<group>"; };
		BCD4D73D22A7592500DE874F /* Subscriber.swift */ = {isa = PBXFileReference; lastKnownFileType = sourcecode.swift; path = Subscriber.swift; sourceTree = "<group>"; };
		BCD4D73F22A759B300DE874F /* AnyPublisher.swift */ = {isa = PBXFileReference; lastKnownFileType = sourcecode.swift; path = AnyPublisher.swift; sourceTree = "<group>"; };
		BCD4D74122A75A1300DE874F /* AnyCancellable.swift */ = {isa = PBXFileReference; lastKnownFileType = sourcecode.swift; path = AnyCancellable.swift; sourceTree = "<group>"; };
		BCD4D74322A75A4E00DE874F /* Subscribers.swift */ = {isa = PBXFileReference; lastKnownFileType = sourcecode.swift; path = Subscribers.swift; sourceTree = "<group>"; };
		BCD4D74522A75A7000DE874F /* AnySubscriber.swift */ = {isa = PBXFileReference; lastKnownFileType = sourcecode.swift; path = AnySubscriber.swift; sourceTree = "<group>"; };
		BCD4D74722A75B4600DE874F /* Subject.swift */ = {isa = PBXFileReference; lastKnownFileType = sourcecode.swift; path = Subject.swift; sourceTree = "<group>"; };
		BCD4D74922A75C0500DE874F /* Publishers.swift */ = {isa = PBXFileReference; lastKnownFileType = sourcecode.swift; path = Publishers.swift; sourceTree = "<group>"; };
		BCD4D74C22A75D2900DE874F /* Empty.swift */ = {isa = PBXFileReference; lastKnownFileType = sourcecode.swift; path = Empty.swift; sourceTree = "<group>"; };
		BCD4D74E22A75E1B00DE874F /* Sequence.swift */ = {isa = PBXFileReference; lastKnownFileType = sourcecode.swift; path = Sequence.swift; sourceTree = "<group>"; };
		BCD4D75022A75EF200DE874F /* Concatenate.swift */ = {isa = PBXFileReference; lastKnownFileType = sourcecode.swift; path = Concatenate.swift; sourceTree = "<group>"; };
		BCD4D75222A7608A00DE874F /* Map.swift */ = {isa = PBXFileReference; lastKnownFileType = sourcecode.swift; path = Map.swift; sourceTree = "<group>"; };
		BCD4D75422A761FB00DE874F /* Cancellable.swift */ = {isa = PBXFileReference; lastKnownFileType = sourcecode.swift; path = Cancellable.swift; sourceTree = "<group>"; };
		BCD4D75922A7662300DE874F /* Demand.swift */ = {isa = PBXFileReference; lastKnownFileType = sourcecode.swift; path = Demand.swift; sourceTree = "<group>"; };
		BCD4D75B22A76FF300DE874F /* Subscription.swift */ = {isa = PBXFileReference; lastKnownFileType = sourcecode.swift; path = Subscription.swift; sourceTree = "<group>"; };
		BCD4D75D22A7707700DE874F /* CustomCombineIdentifierConvertible.swift */ = {isa = PBXFileReference; lastKnownFileType = sourcecode.swift; path = CustomCombineIdentifierConvertible.swift; sourceTree = "<group>"; };
		BCD4D75F22A7708E00DE874F /* CombineIdentifier.swift */ = {isa = PBXFileReference; lastKnownFileType = sourcecode.swift; path = CombineIdentifier.swift; sourceTree = "<group>"; };
		BCD4D76122A7726A00DE874F /* Completion.swift */ = {isa = PBXFileReference; lastKnownFileType = sourcecode.swift; path = Completion.swift; sourceTree = "<group>"; };
		BCD4D76322A772F900DE874F /* Sink.swift */ = {isa = PBXFileReference; lastKnownFileType = sourcecode.swift; path = Sink.swift; sourceTree = "<group>"; };
		BCD4D76622A793C700DE874F /* Just.swift */ = {isa = PBXFileReference; lastKnownFileType = sourcecode.swift; path = Just.swift; sourceTree = "<group>"; };
		BCD4D76C22A7A35E00DE874F /* Pipe.swift */ = {isa = PBXFileReference; lastKnownFileType = sourcecode.swift; path = Pipe.swift; sourceTree = "<group>"; };
		BCEAFBB622A8F7B900ABF36B /* FlatMap.swift */ = {isa = PBXFileReference; fileEncoding = 4; lastKnownFileType = sourcecode.swift; path = FlatMap.swift; sourceTree = "<group>"; };
		BCEAFBB722A8F7B900ABF36B /* TryMap.swift */ = {isa = PBXFileReference; fileEncoding = 4; lastKnownFileType = sourcecode.swift; path = TryMap.swift; sourceTree = "<group>"; };
		BCEAFBB822A8F7B900ABF36B /* ReceiveOn.swift */ = {isa = PBXFileReference; fileEncoding = 4; lastKnownFileType = sourcecode.swift; path = ReceiveOn.swift; sourceTree = "<group>"; };
		BCEAFBB922A8F7B900ABF36B /* SubscribeOn.swift */ = {isa = PBXFileReference; fileEncoding = 4; lastKnownFileType = sourcecode.swift; path = SubscribeOn.swift; sourceTree = "<group>"; };
		BCEAFBBE22A8F7EA00ABF36B /* Scheduler.swift */ = {isa = PBXFileReference; fileEncoding = 4; lastKnownFileType = sourcecode.swift; path = Scheduler.swift; sourceTree = "<group>"; };
		BCED60C922A8B25500CE5277 /* PassthroughSubject.swift */ = {isa = PBXFileReference; lastKnownFileType = sourcecode.swift; path = PassthroughSubject.swift; sourceTree = "<group>"; };
		BCED60CB22A8B4AF00CE5277 /* CurrentValueSubject.swift */ = {isa = PBXFileReference; lastKnownFileType = sourcecode.swift; path = CurrentValueSubject.swift; sourceTree = "<group>"; };
		BCED60CD22A8B6B300CE5277 /* AnySubject.swift */ = {isa = PBXFileReference; lastKnownFileType = sourcecode.swift; path = AnySubject.swift; sourceTree = "<group>"; };
		BCED60CF22A8B80000CE5277 /* ConnectablePublisher.swift */ = {isa = PBXFileReference; lastKnownFileType = sourcecode.swift; path = ConnectablePublisher.swift; sourceTree = "<group>"; };
		BCED60D122A8B83900CE5277 /* Autoconnect.swift */ = {isa = PBXFileReference; lastKnownFileType = sourcecode.swift; path = Autoconnect.swift; sourceTree = "<group>"; };
		BCED60D322A8BD5C00CE5277 /* AllSatisfy.swift */ = {isa = PBXFileReference; lastKnownFileType = sourcecode.swift; path = AllSatisfy.swift; sourceTree = "<group>"; };
		BCED60D522A8C07800CE5277 /* Collect.swift */ = {isa = PBXFileReference; lastKnownFileType = sourcecode.swift; path = Collect.swift; sourceTree = "<group>"; };
		BCED60D722A8C1EE00CE5277 /* CollectByCount.swift */ = {isa = PBXFileReference; lastKnownFileType = sourcecode.swift; path = CollectByCount.swift; sourceTree = "<group>"; };
/* End PBXFileReference section */

/* Begin PBXFrameworksBuildPhase section */
		BCD4D71E22A7590A00DE874F /* Frameworks */ = {
			isa = PBXFrameworksBuildPhase;
			buildActionMask = 2147483647;
			files = (
				BCB7D21A22B1EA8A00A7CC91 /* CCombine.framework in Frameworks */,
			);
			runOnlyForDeploymentPostprocessing = 0;
		};
		BCD4D72722A7590A00DE874F /* Frameworks */ = {
			isa = PBXFrameworksBuildPhase;
			buildActionMask = 2147483647;
			files = (
				BCD4D72B22A7590A00DE874F /* Combine.framework in Frameworks */,
			);
			runOnlyForDeploymentPostprocessing = 0;
		};
/* End PBXFrameworksBuildPhase section */

/* Begin PBXGroup section */
		AC96A0C472C24B583AB75701 /* Schedulers */ = {
			isa = PBXGroup;
			children = (
				AC96A9E5A959FDB07254BB7A /* DispatchScheduler.swift */,
				AC96AE2AF4EBDBB848CCB615 /* ImmediateScheduler.swift */,
				AC96A24DC63C3CB493002CB3 /* RunLoopScheduler.swift */,
				AC96A4872441C4F5D9E8564B /* SchedulerTimeIntervalConvertible.swift */,
			);
			path = Schedulers;
			sourceTree = "<group>";
		};
		AC96AEE514A87C01D76DDCE6 /* Publishers */ = {
			isa = PBXGroup;
			children = (
				AC96AB7E54BF1B2640684CD7 /* MapTests.swift */,
			);
			path = Publishers;
			sourceTree = "<group>";
		};
		BC2EB4D922A95386009A0E54 /* Subscription */ = {
			isa = PBXGroup;
			children = (
				BC2EB4DA22A9539B009A0E54 /* Subscriptions.swift */,
				AC96AF629FA6C4C6D3ABBBD3 /* AnySubscription.swift */,
			);
			path = Subscription;
			sourceTree = "<group>";
		};
		BCB7D21822B1EA8A00A7CC91 /* Frameworks */ = {
			isa = PBXGroup;
			children = (
				BCB7D21922B1EA8A00A7CC91 /* CCombine.framework */,
			);
			name = Frameworks;
			sourceTree = "<group>";
		};
		BCD4D71722A7590A00DE874F = {
			isa = PBXGroup;
			children = (
				BCD4D72322A7590A00DE874F /* Combine */,
				BCD4D72E22A7590A00DE874F /* CombineTests */,
				BCD4D72222A7590A00DE874F /* Products */,
				BCB7D21822B1EA8A00A7CC91 /* Frameworks */,
			);
			sourceTree = "<group>";
		};
		BCD4D72222A7590A00DE874F /* Products */ = {
			isa = PBXGroup;
			children = (
				BCD4D72122A7590A00DE874F /* Combine.framework */,
				BCD4D72A22A7590A00DE874F /* CombineTests.xctest */,
			);
			name = Products;
			sourceTree = "<group>";
		};
		BCD4D72322A7590A00DE874F /* Combine */ = {
			isa = PBXGroup;
			children = (
				BCD4D72422A7590A00DE874F /* Combine.h */,
				BCD4D72522A7590A00DE874F /* Info.plist */,
				BCD4D74122A75A1300DE874F /* AnyCancellable.swift */,
				BCD4D75422A761FB00DE874F /* Cancellable.swift */,
				BCD4D75F22A7708E00DE874F /* CombineIdentifier.swift */,
				BCD4D75D22A7707700DE874F /* CustomCombineIdentifierConvertible.swift */,
				BCD4D73B22A7591C00DE874F /* Publisher.swift */,
				BCEAFBBE22A8F7EA00ABF36B /* Scheduler.swift */,
				BCD4D74722A75B4600DE874F /* Subject.swift */,
				BCD4D73D22A7592500DE874F /* Subscriber.swift */,
				BCD4D75B22A76FF300DE874F /* Subscription.swift */,
				BCD4D76B22A7A22D00DE874F /* Internal */,
				BCD4D74B22A75D0300DE874F /* Publishers */,
				BCED60C822A8B24600CE5277 /* Subjects */,
				BCD4D75822A7661800DE874F /* Subscribers */,
				BC2EB4D922A95386009A0E54 /* Subscription */,
				AC96A0C472C24B583AB75701 /* Schedulers */,
			);
			path = Combine;
			sourceTree = "<group>";
		};
		BCD4D72E22A7590A00DE874F /* CombineTests */ = {
			isa = PBXGroup;
			children = (
				BCD4D73122A7590A00DE874F /* Info.plist */,
				BCD4D72F22A7590A00DE874F /* CombineTests.swift */,
				AC96AEE514A87C01D76DDCE6 /* Publishers */,
			);
			path = CombineTests;
			sourceTree = "<group>";
		};
		BCD4D74B22A75D0300DE874F /* Publishers */ = {
			isa = PBXGroup;
			children = (
				BCED60D322A8BD5C00CE5277 /* AllSatisfy.swift */,
				BCD4D73F22A759B300DE874F /* AnyPublisher.swift */,
				BCED60D122A8B83900CE5277 /* Autoconnect.swift */,
				BCED60D522A8C07800CE5277 /* Collect.swift */,
				BCED60D722A8C1EE00CE5277 /* CollectByCount.swift */,
				AC96A7A0535961DC9A376D05 /* CollectByTime.swift */,
				AC96AD3D7C6794DE621A71D9 /* CompactMap.swift */,
				AC96AD083BDE1640EEB10798 /* Comparison.swift */,
				BCD4D75022A75EF200DE874F /* Concatenate.swift */,
				BCED60CF22A8B80000CE5277 /* ConnectablePublisher.swift */,
				AC96ADDBF24E923CCA767909 /* Contains.swift */,
				AC96A1B84DDC04F72CC92943 /* ContainsWhere.swift */,
				AC96A15A6403BC6D8DC47C9E /* Count.swift */,
				BC5F2EAF22B23F8A003D2962 /* Deferred.swift */,
				AC96AC7DCC21A7014D9FD9C9 /* DropUntilOutput.swift */,
				BCD4D74C22A75D2900DE874F /* Empty.swift */,
				AC96A1D99440F9CEB6806E49 /* Fail.swift */,
				AC96A8D7AA35C60A7905CFAF /* Filter.swift */,
				BCEAFBB622A8F7B900ABF36B /* FlatMap.swift */,
				BC5F2EB122B2408B003D2962 /* Future.swift */,
				AC96A98A1FD46D5185BAC9F3 /* IgnoreOutput.swift */,
				BCD4D76622A793C700DE874F /* Just.swift */,
				BCD4D75222A7608A00DE874F /* Map.swift */,
				BC2EB4D722A94E48009A0E54 /* MapError.swift */,
				AC96A4F55B76E120E2E6738E /* MeasureInterval.swift */,
				AC96A7D9BF1A346A95C28F33 /* Once.swift */,
				AC96ADD4FD236849CD57C035 /* Optional.swift */,
				AC96A58E0FB39D9C1C596F2F /* Print.swift */,
				BCD4D74922A75C0500DE874F /* Publishers.swift */,
				BCEAFBB822A8F7B900ABF36B /* ReceiveOn.swift */,
				AC96A924BD258EE1ACD21C1A /* Reduce.swift */,
				AC96AFB525B116034F0D3266 /* RemoveDuplicates.swift */,
				AC96AFE8282BB17223703859 /* ReplaceEmpty.swift */,
				AC96AFC7CDF5610BB06264AB /* ReplaceError.swift */,
				BC2EB4DC22AD48A1009A0E54 /* Scan.swift */,
				BCD4D74E22A75E1B00DE874F /* Sequence.swift */,
				AC96AEC54F2AB29B209AC3E3 /* SetFailureType.swift */,
				BCEAFBB922A8F7B900ABF36B /* SubscribeOn.swift */,
				AC96AA780E35A3B0AD72CECD /* TryAllSatisfy.swift */,
				AC96AB3BEB6B54D76B7126BF /* TryCompactMap.swift */,
				AC96AE042BE4DF37808206CA /* TryComparison.swift */,
				AC96AAF4096921C2B002B45E /* TryContainsWhere.swift */,
				AC96A27B4B37C85EC62CB5F9 /* TryFilter.swift */,
				BCEAFBB722A8F7B900ABF36B /* TryMap.swift */,
				AC96AA80EA6E76EF5E873C4B /* TryReduce.swift */,
				AC96A25C45A960EAB01A8996 /* TryRemoveDuplicates.swift */,
				AC96A620FA080826E58A410A /* TryScan.swift */,
				AC96A0F6FD00829D0CA98864 /* Share.swift */,
			);
			path = Publishers;
			sourceTree = "<group>";
		};
		BCD4D75822A7661800DE874F /* Subscribers */ = {
			isa = PBXGroup;
			children = (
				BCD4D74522A75A7000DE874F /* AnySubscriber.swift */,
				BCD4D76122A7726A00DE874F /* Completion.swift */,
				BCD4D75922A7662300DE874F /* Demand.swift */,
				BCD4D76322A772F900DE874F /* Sink.swift */,
				BCD4D74322A75A4E00DE874F /* Subscribers.swift */,
				AC96ABFED93BCEC431CA0A26 /* Assign.swift */,
			);
			path = Subscribers;
			sourceTree = "<group>";
		};
		BCD4D76B22A7A22D00DE874F /* Internal */ = {
			isa = PBXGroup;
			children = (
				AC96A008D73394B664EAE44E /* Bag.swift */,
				AC96A20EA86D34F2FA09D9BA /* Lock.swift */,
				AC96ADCC443259539536B8D8 /* Locking.swift */,
				AC96A04E833BFA9A8461ADFD /* MutexLock.swift */,
				BCD4D76C22A7A35E00DE874F /* Pipe.swift */,
				AC96A2D8D62250244C0989DA /* UnfairLock.swift */,
				AC96AA745A5AFC5916AB7DA1 /* UpstreamPipe.swift */,
			);
			path = Internal;
			sourceTree = "<group>";
		};
		BCED60C822A8B24600CE5277 /* Subjects */ = {
			isa = PBXGroup;
			children = (
				BCED60CD22A8B6B300CE5277 /* AnySubject.swift */,
				BCED60CB22A8B4AF00CE5277 /* CurrentValueSubject.swift */,
				BCED60C922A8B25500CE5277 /* PassthroughSubject.swift */,
			);
			path = Subjects;
			sourceTree = "<group>";
		};
/* End PBXGroup section */

/* Begin PBXHeadersBuildPhase section */
		BCD4D71C22A7590A00DE874F /* Headers */ = {
			isa = PBXHeadersBuildPhase;
			buildActionMask = 2147483647;
			files = (
				BCD4D73222A7590A00DE874F /* Combine.h in Headers */,
			);
			runOnlyForDeploymentPostprocessing = 0;
		};
/* End PBXHeadersBuildPhase section */

/* Begin PBXNativeTarget section */
		BCD4D72022A7590A00DE874F /* Combine */ = {
			isa = PBXNativeTarget;
			buildConfigurationList = BCD4D73522A7590A00DE874F /* Build configuration list for PBXNativeTarget "Combine" */;
			buildPhases = (
				BCD4D71C22A7590A00DE874F /* Headers */,
				BCD4D71D22A7590A00DE874F /* Sources */,
				BCD4D71E22A7590A00DE874F /* Frameworks */,
				BCD4D71F22A7590A00DE874F /* Resources */,
			);
			buildRules = (
			);
			dependencies = (
			);
			name = Combine;
			productName = Combine;
			productReference = BCD4D72122A7590A00DE874F /* Combine.framework */;
			productType = "com.apple.product-type.framework";
		};
		BCD4D72922A7590A00DE874F /* CombineTests */ = {
			isa = PBXNativeTarget;
			buildConfigurationList = BCD4D73822A7590A00DE874F /* Build configuration list for PBXNativeTarget "CombineTests" */;
			buildPhases = (
				BCD4D72622A7590A00DE874F /* Sources */,
				BCD4D72722A7590A00DE874F /* Frameworks */,
				BCD4D72822A7590A00DE874F /* Resources */,
			);
			buildRules = (
			);
			dependencies = (
				BCD4D72D22A7590A00DE874F /* PBXTargetDependency */,
			);
			name = CombineTests;
			productName = CombineTests;
			productReference = BCD4D72A22A7590A00DE874F /* CombineTests.xctest */;
			productType = "com.apple.product-type.bundle.unit-test";
		};
/* End PBXNativeTarget section */

/* Begin PBXProject section */
		BCD4D71822A7590A00DE874F /* Project object */ = {
			isa = PBXProject;
			attributes = {
				LastSwiftUpdateCheck = 1020;
				LastUpgradeCheck = 1020;
				ORGANIZATIONNAME = "Nan Yang";
				TargetAttributes = {
					BCD4D72022A7590A00DE874F = {
						CreatedOnToolsVersion = 10.2.1;
						LastSwiftMigration = 1020;
					};
					BCD4D72922A7590A00DE874F = {
						CreatedOnToolsVersion = 10.2.1;
					};
				};
			};
			buildConfigurationList = BCD4D71B22A7590A00DE874F /* Build configuration list for PBXProject "Combine" */;
			compatibilityVersion = "Xcode 9.3";
			developmentRegion = en;
			hasScannedForEncodings = 0;
			knownRegions = (
				en,
				Base,
			);
			mainGroup = BCD4D71722A7590A00DE874F;
			productRefGroup = BCD4D72222A7590A00DE874F /* Products */;
			projectDirPath = "";
			projectRoot = "";
			targets = (
				BCD4D72022A7590A00DE874F /* Combine */,
				BCD4D72922A7590A00DE874F /* CombineTests */,
			);
		};
/* End PBXProject section */

/* Begin PBXResourcesBuildPhase section */
		BCD4D71F22A7590A00DE874F /* Resources */ = {
			isa = PBXResourcesBuildPhase;
			buildActionMask = 2147483647;
			files = (
			);
			runOnlyForDeploymentPostprocessing = 0;
		};
		BCD4D72822A7590A00DE874F /* Resources */ = {
			isa = PBXResourcesBuildPhase;
			buildActionMask = 2147483647;
			files = (
			);
			runOnlyForDeploymentPostprocessing = 0;
		};
/* End PBXResourcesBuildPhase section */

/* Begin PBXSourcesBuildPhase section */
		BCD4D71D22A7590A00DE874F /* Sources */ = {
			isa = PBXSourcesBuildPhase;
			buildActionMask = 2147483647;
			files = (
				BCEAFBBD22A8F7B900ABF36B /* SubscribeOn.swift in Sources */,
				BCD4D74422A75A4E00DE874F /* Subscribers.swift in Sources */,
				BCD4D75522A761FB00DE874F /* Cancellable.swift in Sources */,
				BCD4D75A22A7662300DE874F /* Demand.swift in Sources */,
				BCED60CA22A8B25500CE5277 /* PassthroughSubject.swift in Sources */,
				BCD4D76722A793C700DE874F /* Just.swift in Sources */,
				BCD4D73C22A7591C00DE874F /* Publisher.swift in Sources */,
				BCD4D74822A75B4600DE874F /* Subject.swift in Sources */,
				BC2EB4DB22A9539B009A0E54 /* Subscriptions.swift in Sources */,
				BCD4D75122A75EF200DE874F /* Concatenate.swift in Sources */,
				BCEAFBBF22A8F7EA00ABF36B /* Scheduler.swift in Sources */,
				BC2EB4D822A94E48009A0E54 /* MapError.swift in Sources */,
				BCEAFBBC22A8F7B900ABF36B /* ReceiveOn.swift in Sources */,
				BCED60D022A8B80000CE5277 /* ConnectablePublisher.swift in Sources */,
				BCD4D74222A75A1300DE874F /* AnyCancellable.swift in Sources */,
				BCD4D74A22A75C0500DE874F /* Publishers.swift in Sources */,
				BCD4D76422A772F900DE874F /* Sink.swift in Sources */,
				BCED60CE22A8B6B300CE5277 /* AnySubject.swift in Sources */,
				BCEAFBBA22A8F7B900ABF36B /* FlatMap.swift in Sources */,
				BCD4D74D22A75D2900DE874F /* Empty.swift in Sources */,
				BCED60D822A8C1EE00CE5277 /* CollectByCount.swift in Sources */,
				BCD4D76D22A7A35E00DE874F /* Pipe.swift in Sources */,
				BCEAFBBB22A8F7B900ABF36B /* TryMap.swift in Sources */,
				BCED60D222A8B83900CE5277 /* Autoconnect.swift in Sources */,
				BCED60D622A8C07800CE5277 /* Collect.swift in Sources */,
				BCD4D75C22A76FF300DE874F /* Subscription.swift in Sources */,
				BCD4D74022A759B300DE874F /* AnyPublisher.swift in Sources */,
				BCED60D422A8BD5C00CE5277 /* AllSatisfy.swift in Sources */,
				BCD4D75E22A7707700DE874F /* CustomCombineIdentifierConvertible.swift in Sources */,
				BC2EB4DD22AD48A1009A0E54 /* Scan.swift in Sources */,
				BCD4D74622A75A7000DE874F /* AnySubscriber.swift in Sources */,
				BCED60CC22A8B4AF00CE5277 /* CurrentValueSubject.swift in Sources */,
				BCD4D74F22A75E1B00DE874F /* Sequence.swift in Sources */,
				BCD4D75322A7608A00DE874F /* Map.swift in Sources */,
				BCD4D76222A7726A00DE874F /* Completion.swift in Sources */,
				BCD4D76022A7708E00DE874F /* CombineIdentifier.swift in Sources */,
				BC5F2EB022B23F8A003D2962 /* Deferred.swift in Sources */,
				BCD4D73E22A7592500DE874F /* Subscriber.swift in Sources */,
				AC96A98283FDED96CACFBE04 /* TryScan.swift in Sources */,
				AC96A9B0FA116E8CBF9BDD37 /* SetFailureType.swift in Sources */,
				AC96A2C9B3B70BBEB95618B2 /* UpstreamPipe.swift in Sources */,
				AC96A4369F6B1FEC4546E778 /* Filter.swift in Sources */,
				AC96ADB3D79338D43CAADD2E /* TryFilter.swift in Sources */,
				AC96A3D7557F5CF59802B040 /* CompactMap.swift in Sources */,
				AC96AD40FB6D7F6A2527E935 /* TryCompactMap.swift in Sources */,
				AC96AE26C192DF26952DB105 /* RemoveDuplicates.swift in Sources */,
				AC96A27F4A5E04D5E58A0668 /* TryRemoveDuplicates.swift in Sources */,
				AC96ADD2F457E2033585F93D /* ReplaceEmpty.swift in Sources */,
				AC96ADF128A9D125A379F7EF /* ReplaceError.swift in Sources */,
				AC96A1BACDE6D9CCF0593AE6 /* CollectByTime.swift in Sources */,
				AC96A1EBE1FBF7DD56D02870 /* IgnoreOutput.swift in Sources */,
				AC96AC33FB7E147768E77125 /* Reduce.swift in Sources */,
				AC96A5BA2E62C23BAA2E21D1 /* TryReduce.swift in Sources */,
				AC96A7F0528F0C7A46CA5E34 /* Count.swift in Sources */,
				AC96A0D67A1EA49D12BC24E2 /* Comparison.swift in Sources */,
				AC96AF0B1A7BB91D91E4520E /* TryComparison.swift in Sources */,
				AC96AE72A8CBD93E6A50F525 /* Contains.swift in Sources */,
				AC96AE0AF7643F0F18C4063D /* ContainsWhere.swift in Sources */,
				AC96A8532B6A9FD8936D4E57 /* TryContainsWhere.swift in Sources */,
				AC96AA36546163BF1AAF000A /* TryAllSatisfy.swift in Sources */,
				AC96A9A77F8721380FB04BCF /* DropUntilOutput.swift in Sources */,
				AC96A8F705D5B01BD32F1594 /* Lock.swift in Sources */,
				AC96ADF29D954D8DB002ABF2 /* UnfairLock.swift in Sources */,
				AC96AB98D54CC04958AE1A2C /* MutexLock.swift in Sources */,
				AC96A8FA38FD323536C85BBE /* SchedulerTimeIntervalConvertible.swift in Sources */,
				AC96A14180E1A098D70B5A49 /* ImmediateScheduler.swift in Sources */,
				AC96AB066DFF849D2F22FB41 /* RunLoopScheduler.swift in Sources */,
				AC96AC654874BA6445F4E127 /* DispatchScheduler.swift in Sources */,
				AC96A1FDD3DEAF36B0BEBBED /* Locking.swift in Sources */,
				AC96A9FE93AD08CB777F3310 /* Bag.swift in Sources */,
				AC96A96E509EE7515DBE6855 /* Print.swift in Sources */,
				AC96AF8426EA0F21F93F4416 /* Once.swift in Sources */,
				AC96A6D74390B2BEABF8FCBC /* Optional.swift in Sources */,
				BC5F2EB222B2408B003D2962 /* Future.swift in Sources */,
				AC96A2623723A3D40FA2AB82 /* Fail.swift in Sources */,
				AC96A461A8F040CD4206EDE8 /* Assign.swift in Sources */,
				AC96A95B1D4AC697419E2543 /* AnySubscription.swift in Sources */,
				AC96A3A8A2EED76981143F23 /* MeasureInterval.swift in Sources */,
				AC96AD15B489864E1BF0DAE0 /* Share.swift in Sources */,
			);
			runOnlyForDeploymentPostprocessing = 0;
		};
		BCD4D72622A7590A00DE874F /* Sources */ = {
			isa = PBXSourcesBuildPhase;
			buildActionMask = 2147483647;
			files = (
				BCD4D73022A7590A00DE874F /* CombineTests.swift in Sources */,
				AC96A7C1183503962D1D6AB1 /* MapTests.swift in Sources */,
			);
			runOnlyForDeploymentPostprocessing = 0;
		};
/* End PBXSourcesBuildPhase section */

/* Begin PBXTargetDependency section */
		BCD4D72D22A7590A00DE874F /* PBXTargetDependency */ = {
			isa = PBXTargetDependency;
			target = BCD4D72022A7590A00DE874F /* Combine */;
			targetProxy = BCD4D72C22A7590A00DE874F /* PBXContainerItemProxy */;
		};
/* End PBXTargetDependency section */

/* Begin XCBuildConfiguration section */
		BCD4D73322A7590A00DE874F /* Debug */ = {
			isa = XCBuildConfiguration;
			buildSettings = {
				ALWAYS_SEARCH_USER_PATHS = NO;
				CLANG_ANALYZER_NONNULL = YES;
				CLANG_ANALYZER_NUMBER_OBJECT_CONVERSION = YES_AGGRESSIVE;
				CLANG_CXX_LANGUAGE_STANDARD = "gnu++14";
				CLANG_CXX_LIBRARY = "libc++";
				CLANG_ENABLE_MODULES = YES;
				CLANG_ENABLE_OBJC_ARC = YES;
				CLANG_ENABLE_OBJC_WEAK = YES;
				CLANG_WARN_BLOCK_CAPTURE_AUTORELEASING = YES;
				CLANG_WARN_BOOL_CONVERSION = YES;
				CLANG_WARN_COMMA = YES;
				CLANG_WARN_CONSTANT_CONVERSION = YES;
				CLANG_WARN_DEPRECATED_OBJC_IMPLEMENTATIONS = YES;
				CLANG_WARN_DIRECT_OBJC_ISA_USAGE = YES_ERROR;
				CLANG_WARN_DOCUMENTATION_COMMENTS = YES;
				CLANG_WARN_EMPTY_BODY = YES;
				CLANG_WARN_ENUM_CONVERSION = YES;
				CLANG_WARN_INFINITE_RECURSION = YES;
				CLANG_WARN_INT_CONVERSION = YES;
				CLANG_WARN_NON_LITERAL_NULL_CONVERSION = YES;
				CLANG_WARN_OBJC_IMPLICIT_RETAIN_SELF = YES;
				CLANG_WARN_OBJC_LITERAL_CONVERSION = YES;
				CLANG_WARN_OBJC_ROOT_CLASS = YES_ERROR;
				CLANG_WARN_RANGE_LOOP_ANALYSIS = YES;
				CLANG_WARN_STRICT_PROTOTYPES = YES;
				CLANG_WARN_SUSPICIOUS_MOVE = YES;
				CLANG_WARN_UNGUARDED_AVAILABILITY = YES_AGGRESSIVE;
				CLANG_WARN_UNREACHABLE_CODE = YES;
				CLANG_WARN__DUPLICATE_METHOD_MATCH = YES;
				CODE_SIGN_IDENTITY = "-";
				COPY_PHASE_STRIP = NO;
				CURRENT_PROJECT_VERSION = 1;
				DEBUG_INFORMATION_FORMAT = dwarf;
				ENABLE_STRICT_OBJC_MSGSEND = YES;
				ENABLE_TESTABILITY = YES;
				GCC_C_LANGUAGE_STANDARD = gnu11;
				GCC_DYNAMIC_NO_PIC = NO;
				GCC_NO_COMMON_BLOCKS = YES;
				GCC_OPTIMIZATION_LEVEL = 0;
				GCC_PREPROCESSOR_DEFINITIONS = (
					"DEBUG=1",
					"$(inherited)",
				);
				GCC_WARN_64_TO_32_BIT_CONVERSION = YES;
				GCC_WARN_ABOUT_RETURN_TYPE = YES_ERROR;
				GCC_WARN_UNDECLARED_SELECTOR = YES;
				GCC_WARN_UNINITIALIZED_AUTOS = YES_AGGRESSIVE;
				GCC_WARN_UNUSED_FUNCTION = YES;
				GCC_WARN_UNUSED_VARIABLE = YES;
				MACOSX_DEPLOYMENT_TARGET = 10.14;
				MTL_ENABLE_DEBUG_INFO = INCLUDE_SOURCE;
				MTL_FAST_MATH = YES;
				ONLY_ACTIVE_ARCH = YES;
				SDKROOT = macosx;
				SWIFT_ACTIVE_COMPILATION_CONDITIONS = DEBUG;
				SWIFT_OPTIMIZATION_LEVEL = "-Onone";
				VERSIONING_SYSTEM = "apple-generic";
				VERSION_INFO_PREFIX = "";
			};
			name = Debug;
		};
		BCD4D73422A7590A00DE874F /* Release */ = {
			isa = XCBuildConfiguration;
			buildSettings = {
				ALWAYS_SEARCH_USER_PATHS = NO;
				CLANG_ANALYZER_NONNULL = YES;
				CLANG_ANALYZER_NUMBER_OBJECT_CONVERSION = YES_AGGRESSIVE;
				CLANG_CXX_LANGUAGE_STANDARD = "gnu++14";
				CLANG_CXX_LIBRARY = "libc++";
				CLANG_ENABLE_MODULES = YES;
				CLANG_ENABLE_OBJC_ARC = YES;
				CLANG_ENABLE_OBJC_WEAK = YES;
				CLANG_WARN_BLOCK_CAPTURE_AUTORELEASING = YES;
				CLANG_WARN_BOOL_CONVERSION = YES;
				CLANG_WARN_COMMA = YES;
				CLANG_WARN_CONSTANT_CONVERSION = YES;
				CLANG_WARN_DEPRECATED_OBJC_IMPLEMENTATIONS = YES;
				CLANG_WARN_DIRECT_OBJC_ISA_USAGE = YES_ERROR;
				CLANG_WARN_DOCUMENTATION_COMMENTS = YES;
				CLANG_WARN_EMPTY_BODY = YES;
				CLANG_WARN_ENUM_CONVERSION = YES;
				CLANG_WARN_INFINITE_RECURSION = YES;
				CLANG_WARN_INT_CONVERSION = YES;
				CLANG_WARN_NON_LITERAL_NULL_CONVERSION = YES;
				CLANG_WARN_OBJC_IMPLICIT_RETAIN_SELF = YES;
				CLANG_WARN_OBJC_LITERAL_CONVERSION = YES;
				CLANG_WARN_OBJC_ROOT_CLASS = YES_ERROR;
				CLANG_WARN_RANGE_LOOP_ANALYSIS = YES;
				CLANG_WARN_STRICT_PROTOTYPES = YES;
				CLANG_WARN_SUSPICIOUS_MOVE = YES;
				CLANG_WARN_UNGUARDED_AVAILABILITY = YES_AGGRESSIVE;
				CLANG_WARN_UNREACHABLE_CODE = YES;
				CLANG_WARN__DUPLICATE_METHOD_MATCH = YES;
				CODE_SIGN_IDENTITY = "-";
				COPY_PHASE_STRIP = NO;
				CURRENT_PROJECT_VERSION = 1;
				DEBUG_INFORMATION_FORMAT = "dwarf-with-dsym";
				ENABLE_NS_ASSERTIONS = NO;
				ENABLE_STRICT_OBJC_MSGSEND = YES;
				GCC_C_LANGUAGE_STANDARD = gnu11;
				GCC_NO_COMMON_BLOCKS = YES;
				GCC_WARN_64_TO_32_BIT_CONVERSION = YES;
				GCC_WARN_ABOUT_RETURN_TYPE = YES_ERROR;
				GCC_WARN_UNDECLARED_SELECTOR = YES;
				GCC_WARN_UNINITIALIZED_AUTOS = YES_AGGRESSIVE;
				GCC_WARN_UNUSED_FUNCTION = YES;
				GCC_WARN_UNUSED_VARIABLE = YES;
				MACOSX_DEPLOYMENT_TARGET = 10.14;
				MTL_ENABLE_DEBUG_INFO = NO;
				MTL_FAST_MATH = YES;
				SDKROOT = macosx;
				SWIFT_COMPILATION_MODE = wholemodule;
				SWIFT_OPTIMIZATION_LEVEL = "-O";
				VERSIONING_SYSTEM = "apple-generic";
				VERSION_INFO_PREFIX = "";
			};
			name = Release;
		};
		BCD4D73622A7590A00DE874F /* Debug */ = {
			isa = XCBuildConfiguration;
			buildSettings = {
				CLANG_ENABLE_MODULES = YES;
				CODE_SIGN_IDENTITY = "";
				CODE_SIGN_STYLE = Automatic;
				COMBINE_HIDPI_IMAGES = YES;
				DEFINES_MODULE = YES;
				DYLIB_COMPATIBILITY_VERSION = 1;
				DYLIB_CURRENT_VERSION = 1;
				DYLIB_INSTALL_NAME_BASE = "@rpath";
				FRAMEWORK_VERSION = A;
				INFOPLIST_FILE = Combine/Info.plist;
				INSTALL_PATH = "$(LOCAL_LIBRARY_DIR)/Frameworks";
				LD_RUNPATH_SEARCH_PATHS = (
					"$(inherited)",
					"@executable_path/../Frameworks",
					"@loader_path/Frameworks",
				);
				PRODUCT_BUNDLE_IDENTIFIER = com.undev.Combine;
				PRODUCT_NAME = "$(TARGET_NAME:c99extidentifier)";
				SDKROOT = "";
				SKIP_INSTALL = YES;
				SUPPORTED_PLATFORMS = "macosx iphoneos iphonesimulator watchos watchsimulator appletvos appletvsimulator";
				SWIFT_OPTIMIZATION_LEVEL = "-Onone";
				SWIFT_VERSION = 5.0;
			};
			name = Debug;
		};
		BCD4D73722A7590A00DE874F /* Release */ = {
			isa = XCBuildConfiguration;
			buildSettings = {
				CLANG_ENABLE_MODULES = YES;
				CODE_SIGN_IDENTITY = "";
				CODE_SIGN_STYLE = Automatic;
				COMBINE_HIDPI_IMAGES = YES;
				DEFINES_MODULE = YES;
				DYLIB_COMPATIBILITY_VERSION = 1;
				DYLIB_CURRENT_VERSION = 1;
				DYLIB_INSTALL_NAME_BASE = "@rpath";
				FRAMEWORK_VERSION = A;
				INFOPLIST_FILE = Combine/Info.plist;
				INSTALL_PATH = "$(LOCAL_LIBRARY_DIR)/Frameworks";
				LD_RUNPATH_SEARCH_PATHS = (
					"$(inherited)",
					"@executable_path/../Frameworks",
					"@loader_path/Frameworks",
				);
				PRODUCT_BUNDLE_IDENTIFIER = com.undev.Combine;
				PRODUCT_NAME = "$(TARGET_NAME:c99extidentifier)";
				SDKROOT = "";
				SKIP_INSTALL = YES;
				SUPPORTED_PLATFORMS = "macosx iphoneos iphonesimulator watchos watchsimulator appletvos appletvsimulator";
				SWIFT_VERSION = 5.0;
			};
			name = Release;
		};
		BCD4D73922A7590A00DE874F /* Debug */ = {
			isa = XCBuildConfiguration;
			buildSettings = {
				ALWAYS_EMBED_SWIFT_STANDARD_LIBRARIES = YES;
				CODE_SIGN_STYLE = Automatic;
				COMBINE_HIDPI_IMAGES = YES;
				INFOPLIST_FILE = CombineTests/Info.plist;
				LD_RUNPATH_SEARCH_PATHS = (
					"$(inherited)",
					"@executable_path/../Frameworks",
					"@loader_path/../Frameworks",
				);
				PRODUCT_BUNDLE_IDENTIFIER = com.undev.CombineTests;
				PRODUCT_NAME = "$(TARGET_NAME)";
				SWIFT_VERSION = 5.0;
			};
			name = Debug;
		};
		BCD4D73A22A7590A00DE874F /* Release */ = {
			isa = XCBuildConfiguration;
			buildSettings = {
				ALWAYS_EMBED_SWIFT_STANDARD_LIBRARIES = YES;
				CODE_SIGN_STYLE = Automatic;
				COMBINE_HIDPI_IMAGES = YES;
				INFOPLIST_FILE = CombineTests/Info.plist;
				LD_RUNPATH_SEARCH_PATHS = (
					"$(inherited)",
					"@executable_path/../Frameworks",
					"@loader_path/../Frameworks",
				);
				PRODUCT_BUNDLE_IDENTIFIER = com.undev.CombineTests;
				PRODUCT_NAME = "$(TARGET_NAME)";
				SWIFT_VERSION = 5.0;
			};
			name = Release;
		};
/* End XCBuildConfiguration section */

/* Begin XCConfigurationList section */
		BCD4D71B22A7590A00DE874F /* Build configuration list for PBXProject "Combine" */ = {
			isa = XCConfigurationList;
			buildConfigurations = (
				BCD4D73322A7590A00DE874F /* Debug */,
				BCD4D73422A7590A00DE874F /* Release */,
			);
			defaultConfigurationIsVisible = 0;
			defaultConfigurationName = Release;
		};
		BCD4D73522A7590A00DE874F /* Build configuration list for PBXNativeTarget "Combine" */ = {
			isa = XCConfigurationList;
			buildConfigurations = (
				BCD4D73622A7590A00DE874F /* Debug */,
				BCD4D73722A7590A00DE874F /* Release */,
			);
			defaultConfigurationIsVisible = 0;
			defaultConfigurationName = Release;
		};
		BCD4D73822A7590A00DE874F /* Build configuration list for PBXNativeTarget "CombineTests" */ = {
			isa = XCConfigurationList;
			buildConfigurations = (
				BCD4D73922A7590A00DE874F /* Debug */,
				BCD4D73A22A7590A00DE874F /* Release */,
			);
			defaultConfigurationIsVisible = 0;
			defaultConfigurationName = Release;
		};
/* End XCConfigurationList section */
	};
	rootObject = BCD4D71822A7590A00DE874F /* Project object */;
}
